<?xml version="1.0" encoding="utf-8"?>
<Project ToolsVersion="4.0" xmlns="http://schemas.microsoft.com/developer/msbuild/2003">
  <ItemGroup>
    <Filter Include="Source Files">
      <UniqueIdentifier>{4FC737F1-C7A5-4376-A066-2A32D752A2FF}</UniqueIdentifier>
      <Extensions>cpp;c;cc;cxx;def;odl;idl;hpj;bat;asm;asmx</Extensions>
    </Filter>
    <Filter Include="Header Files">
      <UniqueIdentifier>{93995380-89BD-4b04-88EB-625FBE52EBFB}</UniqueIdentifier>
      <Extensions>h;hh;hpp;hxx;hm;inl;inc;xsd</Extensions>
    </Filter>
    <Filter Include="Resource Files">
      <UniqueIdentifier>{67DA6AB6-F800-4c08-8B7A-83BB121AAD01}</UniqueIdentifier>
      <Extensions>rc;ico;cur;bmp;dlg;rc2;rct;bin;rgs;gif;jpg;jpeg;jpe;resx;tiff;tif;png;wav;mfcribbon-ms</Extensions>
    </Filter>
  </ItemGroup>
  <ItemGroup>
    <ClCompile Include="Vendor\STBImage\stb_image.cpp">
      <Filter>Source Files</Filter>
    </ClCompile>
    <ClCompile Include="Vendor\ImGUI\imgui.cpp">
      <Filter>Source Files</Filter>
    </ClCompile>
    <ClCompile Include="Vendor\ImGUI\imgui_demo.cpp">
      <Filter>Source Files</Filter>
    </ClCompile>
    <ClCompile Include="Vendor\ImGUI\imgui_draw.cpp">
      <Filter>Source Files</Filter>
    </ClCompile>
    <ClCompile Include="Vendor\ImGUI\imgui_widgets.cpp">
      <Filter>Source Files</Filter>
    </ClCompile>
    <ClCompile Include="Vendor\ImGUI\imgui_impl_glfw.cpp">
      <Filter>Source Files</Filter>
    </ClCompile>
    <ClCompile Include="Vendor\ImGUI\imgui_impl_opengl3.cpp">
      <Filter>Source Files</Filter>
    </ClCompile>
    <ClCompile Include="Source\Tests\BasicTests\ClearColorTest.cpp">
      <Filter>Source Files</Filter>
    </ClCompile>
    <ClCompile Include="Source\Tests\BasicTests\CompleteMessTest.cpp">
      <Filter>Source Files</Filter>
    </ClCompile>
    <ClCompile Include="Source\Tests\BasicTests\Curve3DTest.cpp">
      <Filter>Source Files</Filter>
    </ClCompile>
    <ClCompile Include="Source\Tests\BasicTests\DisksTest.cpp">
      <Filter>Source Files</Filter>
    </ClCompile>
    <ClCompile Include="Source\Tests\BasicTests\TessellationTest.cpp">
      <Filter>Source Files</Filter>
    </ClCompile>
    <ClCompile Include="Source\Tests\BasicTests\TexturesTest.cpp">
      <Filter>Source Files</Filter>
    </ClCompile>
    <ClCompile Include="Source\Tests\PolynomialTests\CubicCurveTest.cpp">
      <Filter>Source Files</Filter>
    </ClCompile>
    <ClCompile Include="Source\Tests\PolynomialTests\CubicSplinesTest.cpp">
      <Filter>Source Files</Filter>
    </ClCompile>
    <ClCompile Include="Source\Tests\PolynomialTests\HighOrderBezierTest.cpp">
      <Filter>Source Files</Filter>
    </ClCompile>
    <ClCompile Include="Source\Tests\PolynomialTests\HighOrderSplinesTest.cpp">
      <Filter>Source Files</Filter>
    </ClCompile>
    <ClCompile Include="Source\Tests\PolynomialTests\PolynomialInterpolationTest.cpp">
      <Filter>Source Files</Filter>
    </ClCompile>
    <ClCompile Include="Source\Tests\PolynomialTests\ShaderCubicCurveTest.cpp">
      <Filter>Source Files</Filter>
    </ClCompile>
    <ClCompile Include="Source\Tests\Utilities\ControlPointsEditor.cpp">
      <Filter>Source Files</Filter>
    </ClCompile>
    <ClCompile Include="Source\Tests\GraphsTest.cpp">
      <Filter>Source Files</Filter>
    </ClCompile>
    <ClCompile Include="Source\Tests\TestSelector.cpp">
      <Filter>Source Files</Filter>
    </ClCompile>
    <ClCompile Include="Source\Tools\Graphics\Buffer.cpp">
      <Filter>Source Files</Filter>
    </ClCompile>
    <ClCompile Include="Source\Tools\Graphics\Shader.cpp">
      <Filter>Source Files</Filter>
    </ClCompile>
    <ClCompile Include="Source\Tools\Graphics\Texture.cpp">
      <Filter>Source Files</Filter>
    </ClCompile>
    <ClCompile Include="Source\Tools\Graphics\VertexArray.cpp">
      <Filter>Source Files</Filter>
    </ClCompile>
    <ClCompile Include="Source\Tools\Math\ConstantsSource.cpp">
      <Filter>Source Files</Filter>
    </ClCompile>
    <ClCompile Include="Source\Tools\SpecificRenderers\GraphsRenderer.cpp">
      <Filter>Source Files</Filter>
    </ClCompile>
    <ClCompile Include="Source\Tools\SpecificRenderers\PointsBuffer.cpp">
      <Filter>Source Files</Filter>
    </ClCompile>
    <ClCompile Include="Source\Tools\GuiUtil.cpp">
      <Filter>Source Files</Filter>
    </ClCompile>
    <ClCompile Include="Source\Tools\Input.cpp">
      <Filter>Source Files</Filter>
    </ClCompile>
    <ClCompile Include="Source\Tools\Renderer.cpp">
      <Filter>Source Files</Filter>
    </ClCompile>
    <ClCompile Include="Source\Tools\Window.cpp">
      <Filter>Source Files</Filter>
    </ClCompile>
    <ClCompile Include="Source\Common.cpp">
      <Filter>Source Files</Filter>
    </ClCompile>
    <ClCompile Include="Source\Main.cpp">
      <Filter>Source Files</Filter>
    </ClCompile>
    <ClCompile Include="Vendor\ImGUI\imgui.cpp">
      <Filter>Source Files</Filter>
    </ClCompile>
    <ClCompile Include="Vendor\ImGUI\imgui_demo.cpp">
      <Filter>Source Files</Filter>
    </ClCompile>
    <ClCompile Include="Vendor\ImGUI\imgui_draw.cpp">
      <Filter>Source Files</Filter>
    </ClCompile>
    <ClCompile Include="Vendor\ImGUI\imgui_impl_glfw.cpp">
      <Filter>Source Files</Filter>
    </ClCompile>
    <ClCompile Include="Vendor\ImGUI\imgui_impl_opengl3.cpp">
      <Filter>Source Files</Filter>
    </ClCompile>
    <ClCompile Include="Vendor\ImGUI\imgui_widgets.cpp">
      <Filter>Source Files</Filter>
    </ClCompile>
    <ClCompile Include="Vendor\STBImage\stb_image.cpp">
      <Filter>Source Files</Filter>
    </ClCompile>
  </ItemGroup>
  <ItemGroup>
    <None Include="Resources\Shaders\CubicCurveShaders\CPUDividedCubicCurve.shader" />
    <None Include="Resources\Shaders\CubicCurveShaders\GPUDividedCubicCurve.shader" />
    <None Include="Resources\Shaders\TessellationTests\IsolineTessellation.shader" />
    <None Include="Resources\Shaders\TessellationTests\QuadTessellation.shader" />
    <None Include="Resources\Shaders\TessellationTests\TriangleTessellation.shader" />
    <None Include="Resources\Shaders\Basic.shader" />
    <None Include="Resources\Shaders\Basic2DColored.shader" />
    <None Include="Resources\Shaders\CubicSpline2D.shader" />
    <None Include="Resources\Shaders\Disk.shader" />
    <None Include="Resources\Shaders\SimpleTextureTest.shader" />
    <None Include="Resources\Shaders\Test.shader" />
  </ItemGroup>
  <ItemGroup>
    <ClInclude Include="Vendor\STBImage\stb_image.h">
      <Filter>Header Files</Filter>
    </ClInclude>
    <ClInclude Include="Vendor\ImGUI\imconfig.h">
      <Filter>Header Files</Filter>
    </ClInclude>
    <ClInclude Include="Vendor\ImGUI\imgui.h">
      <Filter>Header Files</Filter>
    </ClInclude>
    <ClInclude Include="Vendor\ImGUI\imgui_internal.h">
      <Filter>Header Files</Filter>
    </ClInclude>
    <ClInclude Include="Vendor\ImGUI\imstb_rectpack.h">
      <Filter>Header Files</Filter>
    </ClInclude>
    <ClInclude Include="Vendor\ImGUI\imstb_textedit.h">
      <Filter>Header Files</Filter>
    </ClInclude>
    <ClInclude Include="Vendor\ImGUI\imstb_truetype.h">
      <Filter>Header Files</Filter>
    </ClInclude>
    <ClInclude Include="Vendor\ImGUI\imgui_impl_glfw.h">
      <Filter>Header Files</Filter>
    </ClInclude>
    <ClInclude Include="Vendor\ImGUI\imgui_impl_opengl3.h">
      <Filter>Header Files</Filter>
    </ClInclude>
    <ClInclude Include="Source\Tests\BasicTests\ClearColorTest.h">
      <Filter>Header Files</Filter>
    </ClInclude>
    <ClInclude Include="Source\Tests\BasicTests\CompleteMessTest.h">
      <Filter>Header Files</Filter>
    </ClInclude>
    <ClInclude Include="Source\Tests\BasicTests\Curve3DTest.h">
      <Filter>Header Files</Filter>
    </ClInclude>
    <ClInclude Include="Source\Tests\BasicTests\DisksTest.h">
      <Filter>Header Files</Filter>
    </ClInclude>
    <ClInclude Include="Source\Tests\BasicTests\TessellationTest.h">
      <Filter>Header Files</Filter>
    </ClInclude>
    <ClInclude Include="Source\Tests\BasicTests\TexturesTest.h">
      <Filter>Header Files</Filter>
    </ClInclude>
    <ClInclude Include="Source\Tests\PolynomialTests\CubicCurveTest.h">
      <Filter>Header Files</Filter>
    </ClInclude>
    <ClInclude Include="Source\Tests\PolynomialTests\CubicSplinesTest.h">
      <Filter>Header Files</Filter>
    </ClInclude>
    <ClInclude Include="Source\Tests\PolynomialTests\HighOrderBezierTest.h">
      <Filter>Header Files</Filter>
    </ClInclude>
    <ClInclude Include="Source\Tests\PolynomialTests\HighOrderSplinesTest.h">
      <Filter>Header Files</Filter>
    </ClInclude>
    <ClInclude Include="Source\Tests\PolynomialTests\PolynomialInterpolationTest.h">
      <Filter>Header Files</Filter>
    </ClInclude>
    <ClInclude Include="Source\Tests\PolynomialTests\ShaderCubicCurveTest.h">
      <Filter>Header Files</Filter>
    </ClInclude>
    <ClInclude Include="Source\Tests\Utilities\ControlPointsEditor.h">
      <Filter>Header Files</Filter>
    </ClInclude>
    <ClInclude Include="Source\Tests\GraphsTest.h">
      <Filter>Header Files</Filter>
    </ClInclude>
    <ClInclude Include="Source\Tests\Test.h">
      <Filter>Header Files</Filter>
    </ClInclude>
    <ClInclude Include="Source\Tests\TestSelector.h">
      <Filter>Header Files</Filter>
    </ClInclude>
    <ClInclude Include="Source\Tools\Events\Event.h">
      <Filter>Header Files</Filter>
    </ClInclude>
    <ClInclude Include="Source\Tools\Events\InputEvents.h">
      <Filter>Header Files</Filter>
    </ClInclude>
    <ClInclude Include="Source\Tools\Events\KeyCode.h">
      <Filter>Header Files</Filter>
    </ClInclude>
    <ClInclude Include="Source\Tools\Events\MouseButton.h">
      <Filter>Header Files</Filter>
    </ClInclude>
    <ClInclude Include="Source\Tools\Events\WindowEvents.h">
      <Filter>Header Files</Filter>
    </ClInclude>
    <ClInclude Include="Source\Tools\Graphics\Buffer.h">
      <Filter>Header Files</Filter>
    </ClInclude>
    <ClInclude Include="Source\Tools\Graphics\BufferLayout.h">
      <Filter>Header Files</Filter>
    </ClInclude>
    <ClInclude Include="Source\Tools\Graphics\Curve.h">
      <Filter>Header Files</Filter>
    </ClInclude>
    <ClInclude Include="Source\Tools\Graphics\Point.h">
      <Filter>Header Files</Filter>
    </ClInclude>
    <ClInclude Include="Source\Tools\Graphics\Shader.h">
      <Filter>Header Files</Filter>
    </ClInclude>
    <ClInclude Include="Source\Tools\Graphics\ShaderDataType.h">
      <Filter>Header Files</Filter>
    </ClInclude>
    <ClInclude Include="Source\Tools\Graphics\Texture.h">
      <Filter>Header Files</Filter>
    </ClInclude>
    <ClInclude Include="Source\Tools\Graphics\VertexArray.h">
      <Filter>Header Files</Filter>
    </ClInclude>
    <ClInclude Include="Source\Tools\Math\Angle.h">
      <Filter>Header Files</Filter>
    </ClInclude>
    <ClInclude Include="Source\Tools\Math\Color.h">
      <Filter>Header Files</Filter>
    </ClInclude>
    <ClInclude Include="Source\Tools\Math\Math.h">
      <Filter>Header Files</Filter>
    </ClInclude>
    <ClInclude Include="Source\Tools\Math\Matrix4x4.h">
      <Filter>Header Files</Filter>
    </ClInclude>
    <ClInclude Include="Source\Tools\Math\QuadraticCurve.h">
      <Filter>Header Files</Filter>
    </ClInclude>
    <ClInclude Include="Source\Tools\Math\TimeSpan.h">
      <Filter>Header Files</Filter>
    </ClInclude>
    <ClInclude Include="Source\Tools\Math\Vector.h">
      <Filter>Header Files</Filter>
    </ClInclude>
    <ClInclude Include="Source\Tools\SpecificRenderers\GraphsRenderer.h">
      <Filter>Header Files</Filter>
    </ClInclude>
    <ClInclude Include="Source\Tools\SpecificRenderers\PointsBuffer.h">
      <Filter>Header Files</Filter>
    </ClInclude>
    <ClInclude Include="Source\Tools\GuiUtil.h">
      <Filter>Header Files</Filter>
    </ClInclude>
    <ClInclude Include="Source\Tools\Input.h">
      <Filter>Header Files</Filter>
    </ClInclude>
    <ClInclude Include="Source\Tools\Renderer.h">
      <Filter>Header Files</Filter>
    </ClInclude>
    <ClInclude Include="Source\Tools\Window.h">
      <Filter>Header Files</Filter>
    </ClInclude>
    <ClInclude Include="Source\Common.h">
      <Filter>Header Files</Filter>
    </ClInclude>
    <ClInclude Include="Source\Delegate.h">
      <Filter>Header Files</Filter>
    </ClInclude>
    <ClInclude Include="Vendor\ImGUI\imconfig.h">
      <Filter>Header Files</Filter>
    </ClInclude>
    <ClInclude Include="Vendor\ImGUI\imgui.h">
      <Filter>Header Files</Filter>
    </ClInclude>
    <ClInclude Include="Vendor\ImGUI\imgui_impl_glfw.h">
      <Filter>Header Files</Filter>
    </ClInclude>
    <ClInclude Include="Vendor\ImGUI\imgui_impl_opengl3.h">
      <Filter>Header Files</Filter>
    </ClInclude>
    <ClInclude Include="Vendor\ImGUI\imgui_internal.h">
      <Filter>Header Files</Filter>
    </ClInclude>
    <ClInclude Include="Vendor\ImGUI\imstb_rectpack.h">
      <Filter>Header Files</Filter>
    </ClInclude>
    <ClInclude Include="Vendor\ImGUI\imstb_textedit.h">
      <Filter>Header Files</Filter>
    </ClInclude>
    <ClInclude Include="Vendor\ImGUI\imstb_truetype.h">
      <Filter>Header Files</Filter>
    </ClInclude>
    <ClInclude Include="Vendor\STBImage\stb_image.h">
      <Filter>Header Files</Filter>
    </ClInclude>
  </ItemGroup>
  <ItemGroup>
    <Image Include="Resources\Textures\Crate.png">
      <Filter>Resource Files</Filter>
    </Image>
    <Image Include="Resources\Textures\Pixel Test.png">
      <Filter>Resource Files</Filter>
    </Image>
  </ItemGroup>
</Project>